// !$*UTF8*$!
{
	archiveVersion = 1;
	classes = {
	};
	objectVersion = 50;
	objects = {

/* Begin PBXBuildFile section */
		2349FD5B261E4F6900A1FEAA /* CodingChallengeApp.swift in Sources */ = {isa = PBXBuildFile; fileRef = 2349FD5A261E4F6900A1FEAA /* CodingChallengeApp.swift */; };
		2349FD5F261E4F6A00A1FEAA /* Assets.xcassets in Resources */ = {isa = PBXBuildFile; fileRef = 2349FD5E261E4F6A00A1FEAA /* Assets.xcassets */; };
		2349FD62261E4F6A00A1FEAA /* Preview Assets.xcassets in Resources */ = {isa = PBXBuildFile; fileRef = 2349FD61261E4F6A00A1FEAA /* Preview Assets.xcassets */; };
		2349FD6D261E4F6A00A1FEAA /* CodingChallengeTests.swift in Sources */ = {isa = PBXBuildFile; fileRef = 2349FD6C261E4F6A00A1FEAA /* CodingChallengeTests.swift */; };
		2349FD78261E4F6A00A1FEAA /* CodingChallengeUITests.swift in Sources */ = {isa = PBXBuildFile; fileRef = 2349FD77261E4F6A00A1FEAA /* CodingChallengeUITests.swift */; };
		2349FD89261E4F9900A1FEAA /* ShiftsView.swift in Sources */ = {isa = PBXBuildFile; fileRef = 2349FD88261E4F9900A1FEAA /* ShiftsView.swift */; };
		A384FC4928B2BB1900AD5B41 /* Navigator.swift in Sources */ = {isa = PBXBuildFile; fileRef = A384FC4828B2BB1900AD5B41 /* Navigator.swift */; };
		A384FC4B28B2BE0C00AD5B41 /* Scope.swift in Sources */ = {isa = PBXBuildFile; fileRef = A384FC4A28B2BE0C00AD5B41 /* Scope.swift */; };
		A384FC4F28B2BFE500AD5B41 /* ShiftsManager.swift in Sources */ = {isa = PBXBuildFile; fileRef = A384FC4E28B2BFE500AD5B41 /* ShiftsManager.swift */; };
		A384FC5228B2C15A00AD5B41 /* ShiftsScreen.swift in Sources */ = {isa = PBXBuildFile; fileRef = A384FC5128B2C15A00AD5B41 /* ShiftsScreen.swift */; };
		A384FC5428B2C1C300AD5B41 /* NavigatorView.swift in Sources */ = {isa = PBXBuildFile; fileRef = A384FC5328B2C1C300AD5B41 /* NavigatorView.swift */; };
		A384FC5728B2C2F200AD5B41 /* Optional+Extensions.swift in Sources */ = {isa = PBXBuildFile; fileRef = A384FC5628B2C2F200AD5B41 /* Optional+Extensions.swift */; };
		A384FC5A28B4053D00AD5B41 /* AppError.swift in Sources */ = {isa = PBXBuildFile; fileRef = A384FC5928B4053D00AD5B41 /* AppError.swift */; };
		A384FC5D28B4059800AD5B41 /* ViewModel.swift in Sources */ = {isa = PBXBuildFile; fileRef = A384FC5C28B4059800AD5B41 /* ViewModel.swift */; };
		A384FC5F28B405C900AD5B41 /* Just+Extensions.swift in Sources */ = {isa = PBXBuildFile; fileRef = A384FC5E28B405C900AD5B41 /* Just+Extensions.swift */; };
		A384FC6128B405E300AD5B41 /* Publisher+Extensions.swift in Sources */ = {isa = PBXBuildFile; fileRef = A384FC6028B405E300AD5B41 /* Publisher+Extensions.swift */; };
		A384FC6328B405F800AD5B41 /* BaseViewModel.swift in Sources */ = {isa = PBXBuildFile; fileRef = A384FC6228B405F800AD5B41 /* BaseViewModel.swift */; };
		A384FC6528B4062200AD5B41 /* BaseCoordinatedViewModel.swift in Sources */ = {isa = PBXBuildFile; fileRef = A384FC6428B4062200AD5B41 /* BaseCoordinatedViewModel.swift */; };
		A384FC6728B4064100AD5B41 /* ShiftsScreenViewModel.swift in Sources */ = {isa = PBXBuildFile; fileRef = A384FC6628B4064100AD5B41 /* ShiftsScreenViewModel.swift */; };
		A384FC6928B4066C00AD5B41 /* ShiftsScreensFactory.swift in Sources */ = {isa = PBXBuildFile; fileRef = A384FC6828B4066C00AD5B41 /* ShiftsScreensFactory.swift */; };
		A384FC6D28B4077600AD5B41 /* Coordinator.swift in Sources */ = {isa = PBXBuildFile; fileRef = A384FC6C28B4077600AD5B41 /* Coordinator.swift */; };
		A384FC7228B4081B00AD5B41 /* ShiftsCoordinator.swift in Sources */ = {isa = PBXBuildFile; fileRef = A384FC7128B4081B00AD5B41 /* ShiftsCoordinator.swift */; };
		A384FC7528B409F200AD5B41 /* ShiftsRepository.swift in Sources */ = {isa = PBXBuildFile; fileRef = A384FC7428B409F200AD5B41 /* ShiftsRepository.swift */; };
		A384FC7828B4126400AD5B41 /* Shift.swift in Sources */ = {isa = PBXBuildFile; fileRef = A384FC7728B4126400AD5B41 /* Shift.swift */; };
		A384FC7A28B417F500AD5B41 /* FacilityType.swift in Sources */ = {isa = PBXBuildFile; fileRef = A384FC7928B417F500AD5B41 /* FacilityType.swift */; };
		A384FC7C28B4180600AD5B41 /* LocalizedSpecialty.swift in Sources */ = {isa = PBXBuildFile; fileRef = A384FC7B28B4180600AD5B41 /* LocalizedSpecialty.swift */; };
		A384FC7E28B4EC6C00AD5B41 /* ShiftsDataSource.swift in Sources */ = {isa = PBXBuildFile; fileRef = A384FC7D28B4EC6C00AD5B41 /* ShiftsDataSource.swift */; };
		A384FC8128B4EE0F00AD5B41 /* ShiftCellView.swift in Sources */ = {isa = PBXBuildFile; fileRef = A384FC8028B4EE0F00AD5B41 /* ShiftCellView.swift */; };
		A384FC8328B4EE4400AD5B41 /* ShiftDetailsScreen.swift in Sources */ = {isa = PBXBuildFile; fileRef = A384FC8228B4EE4400AD5B41 /* ShiftDetailsScreen.swift */; };
		A384FC8628B4F28E00AD5B41 /* AppTimeManager.swift in Sources */ = {isa = PBXBuildFile; fileRef = A384FC8528B4F28E00AD5B41 /* AppTimeManager.swift */; };
		A384FC8928B4F2A300AD5B41 /* AppRealTimeManager.swift in Sources */ = {isa = PBXBuildFile; fileRef = A384FC8828B4F2A300AD5B41 /* AppRealTimeManager.swift */; };
		A384FC8B28B4F2B300AD5B41 /* AppPreviewTimeManager.swift in Sources */ = {isa = PBXBuildFile; fileRef = A384FC8A28B4F2B300AD5B41 /* AppPreviewTimeManager.swift */; };
		A384FC8D28B4F2C500AD5B41 /* Date+Extensions.swift in Sources */ = {isa = PBXBuildFile; fileRef = A384FC8C28B4F2C500AD5B41 /* Date+Extensions.swift */; };
		A384FC9128B4F79C00AD5B41 /* UIApplication+Extensions.swift in Sources */ = {isa = PBXBuildFile; fileRef = A384FC9028B4F79C00AD5B41 /* UIApplication+Extensions.swift */; };
		A384FC9328B4F7B900AD5B41 /* View+Extensions.swift in Sources */ = {isa = PBXBuildFile; fileRef = A384FC9228B4F7B900AD5B41 /* View+Extensions.swift */; };
		A384FC9628B4F7EB00AD5B41 /* ScreenIdentifierEnvironmentKey.swift in Sources */ = {isa = PBXBuildFile; fileRef = A384FC9528B4F7EB00AD5B41 /* ScreenIdentifierEnvironmentKey.swift */; };
		A384FC9828B4F81000AD5B41 /* UUIDHostingViewController.swift in Sources */ = {isa = PBXBuildFile; fileRef = A384FC9728B4F81000AD5B41 /* UUIDHostingViewController.swift */; };
		A384FC9A28B4F83000AD5B41 /* IdentifableScreen.swift in Sources */ = {isa = PBXBuildFile; fileRef = A384FC9928B4F83000AD5B41 /* IdentifableScreen.swift */; };
		A384FC9C28B4F83F00AD5B41 /* NavigatorWrapper.swift in Sources */ = {isa = PBXBuildFile; fileRef = A384FC9B28B4F83F00AD5B41 /* NavigatorWrapper.swift */; };
		A384FC9E28B4F84B00AD5B41 /* NavigatorStrongContainer.swift in Sources */ = {isa = PBXBuildFile; fileRef = A384FC9D28B4F84B00AD5B41 /* NavigatorStrongContainer.swift */; };
		A384FCA028B4F85800AD5B41 /* NavigatorContainer.swift in Sources */ = {isa = PBXBuildFile; fileRef = A384FC9F28B4F85800AD5B41 /* NavigatorContainer.swift */; };
		A384FCA228B4F96200AD5B41 /* DefaultShiftsScreensFactory.swift in Sources */ = {isa = PBXBuildFile; fileRef = A384FCA128B4F96200AD5B41 /* DefaultShiftsScreensFactory.swift */; };
/* End PBXBuildFile section */

/* Begin PBXContainerItemProxy section */
		2349FD69261E4F6A00A1FEAA /* PBXContainerItemProxy */ = {
			isa = PBXContainerItemProxy;
			containerPortal = 2349FD4F261E4F6900A1FEAA /* Project object */;
			proxyType = 1;
			remoteGlobalIDString = 2349FD56261E4F6900A1FEAA;
			remoteInfo = CodingChallenge;
		};
		2349FD74261E4F6A00A1FEAA /* PBXContainerItemProxy */ = {
			isa = PBXContainerItemProxy;
			containerPortal = 2349FD4F261E4F6900A1FEAA /* Project object */;
			proxyType = 1;
			remoteGlobalIDString = 2349FD56261E4F6900A1FEAA;
			remoteInfo = CodingChallenge;
		};
/* End PBXContainerItemProxy section */

/* Begin PBXFileReference section */
		2349FD57261E4F6900A1FEAA /* CodingChallenge.app */ = {isa = PBXFileReference; explicitFileType = wrapper.application; includeInIndex = 0; path = CodingChallenge.app; sourceTree = BUILT_PRODUCTS_DIR; };
		2349FD5A261E4F6900A1FEAA /* CodingChallengeApp.swift */ = {isa = PBXFileReference; lastKnownFileType = sourcecode.swift; path = CodingChallengeApp.swift; sourceTree = "<group>"; };
		2349FD5E261E4F6A00A1FEAA /* Assets.xcassets */ = {isa = PBXFileReference; lastKnownFileType = folder.assetcatalog; path = Assets.xcassets; sourceTree = "<group>"; };
		2349FD61261E4F6A00A1FEAA /* Preview Assets.xcassets */ = {isa = PBXFileReference; lastKnownFileType = folder.assetcatalog; path = "Preview Assets.xcassets"; sourceTree = "<group>"; };
		2349FD63261E4F6A00A1FEAA /* Info.plist */ = {isa = PBXFileReference; lastKnownFileType = text.plist.xml; path = Info.plist; sourceTree = "<group>"; };
		2349FD68261E4F6A00A1FEAA /* CodingChallengeTests.xctest */ = {isa = PBXFileReference; explicitFileType = wrapper.cfbundle; includeInIndex = 0; path = CodingChallengeTests.xctest; sourceTree = BUILT_PRODUCTS_DIR; };
		2349FD6C261E4F6A00A1FEAA /* CodingChallengeTests.swift */ = {isa = PBXFileReference; lastKnownFileType = sourcecode.swift; path = CodingChallengeTests.swift; sourceTree = "<group>"; };
		2349FD6E261E4F6A00A1FEAA /* Info.plist */ = {isa = PBXFileReference; lastKnownFileType = text.plist.xml; path = Info.plist; sourceTree = "<group>"; };
		2349FD73261E4F6A00A1FEAA /* CodingChallengeUITests.xctest */ = {isa = PBXFileReference; explicitFileType = wrapper.cfbundle; includeInIndex = 0; path = CodingChallengeUITests.xctest; sourceTree = BUILT_PRODUCTS_DIR; };
		2349FD77261E4F6A00A1FEAA /* CodingChallengeUITests.swift */ = {isa = PBXFileReference; lastKnownFileType = sourcecode.swift; path = CodingChallengeUITests.swift; sourceTree = "<group>"; };
		2349FD79261E4F6A00A1FEAA /* Info.plist */ = {isa = PBXFileReference; lastKnownFileType = text.plist.xml; path = Info.plist; sourceTree = "<group>"; };
		2349FD88261E4F9900A1FEAA /* ShiftsView.swift */ = {isa = PBXFileReference; lastKnownFileType = sourcecode.swift; path = ShiftsView.swift; sourceTree = "<group>"; };
		A384FC4828B2BB1900AD5B41 /* Navigator.swift */ = {isa = PBXFileReference; lastKnownFileType = sourcecode.swift; path = Navigator.swift; sourceTree = "<group>"; };
		A384FC4A28B2BE0C00AD5B41 /* Scope.swift */ = {isa = PBXFileReference; lastKnownFileType = sourcecode.swift; path = Scope.swift; sourceTree = "<group>"; };
		A384FC4E28B2BFE500AD5B41 /* ShiftsManager.swift */ = {isa = PBXFileReference; lastKnownFileType = sourcecode.swift; path = ShiftsManager.swift; sourceTree = "<group>"; };
		A384FC5128B2C15A00AD5B41 /* ShiftsScreen.swift */ = {isa = PBXFileReference; lastKnownFileType = sourcecode.swift; path = ShiftsScreen.swift; sourceTree = "<group>"; };
		A384FC5328B2C1C300AD5B41 /* NavigatorView.swift */ = {isa = PBXFileReference; lastKnownFileType = sourcecode.swift; path = NavigatorView.swift; sourceTree = "<group>"; };
		A384FC5628B2C2F200AD5B41 /* Optional+Extensions.swift */ = {isa = PBXFileReference; lastKnownFileType = sourcecode.swift; path = "Optional+Extensions.swift"; sourceTree = "<group>"; };
		A384FC5928B4053D00AD5B41 /* AppError.swift */ = {isa = PBXFileReference; lastKnownFileType = sourcecode.swift; path = AppError.swift; sourceTree = "<group>"; };
		A384FC5C28B4059800AD5B41 /* ViewModel.swift */ = {isa = PBXFileReference; lastKnownFileType = sourcecode.swift; path = ViewModel.swift; sourceTree = "<group>"; };
		A384FC5E28B405C900AD5B41 /* Just+Extensions.swift */ = {isa = PBXFileReference; lastKnownFileType = sourcecode.swift; path = "Just+Extensions.swift"; sourceTree = "<group>"; };
		A384FC6028B405E300AD5B41 /* Publisher+Extensions.swift */ = {isa = PBXFileReference; lastKnownFileType = sourcecode.swift; path = "Publisher+Extensions.swift"; sourceTree = "<group>"; };
		A384FC6228B405F800AD5B41 /* BaseViewModel.swift */ = {isa = PBXFileReference; lastKnownFileType = sourcecode.swift; path = BaseViewModel.swift; sourceTree = "<group>"; };
		A384FC6428B4062200AD5B41 /* BaseCoordinatedViewModel.swift */ = {isa = PBXFileReference; lastKnownFileType = sourcecode.swift; path = BaseCoordinatedViewModel.swift; sourceTree = "<group>"; };
		A384FC6628B4064100AD5B41 /* ShiftsScreenViewModel.swift */ = {isa = PBXFileReference; lastKnownFileType = sourcecode.swift; path = ShiftsScreenViewModel.swift; sourceTree = "<group>"; };
		A384FC6828B4066C00AD5B41 /* ShiftsScreensFactory.swift */ = {isa = PBXFileReference; lastKnownFileType = sourcecode.swift; path = ShiftsScreensFactory.swift; sourceTree = "<group>"; };
		A384FC6C28B4077600AD5B41 /* Coordinator.swift */ = {isa = PBXFileReference; lastKnownFileType = sourcecode.swift; path = Coordinator.swift; sourceTree = "<group>"; };
		A384FC7128B4081B00AD5B41 /* ShiftsCoordinator.swift */ = {isa = PBXFileReference; lastKnownFileType = sourcecode.swift; path = ShiftsCoordinator.swift; sourceTree = "<group>"; };
		A384FC7428B409F200AD5B41 /* ShiftsRepository.swift */ = {isa = PBXFileReference; lastKnownFileType = sourcecode.swift; path = ShiftsRepository.swift; sourceTree = "<group>"; };
		A384FC7728B4126400AD5B41 /* Shift.swift */ = {isa = PBXFileReference; lastKnownFileType = sourcecode.swift; path = Shift.swift; sourceTree = "<group>"; };
		A384FC7928B417F500AD5B41 /* FacilityType.swift */ = {isa = PBXFileReference; lastKnownFileType = sourcecode.swift; path = FacilityType.swift; sourceTree = "<group>"; };
		A384FC7B28B4180600AD5B41 /* LocalizedSpecialty.swift */ = {isa = PBXFileReference; lastKnownFileType = sourcecode.swift; path = LocalizedSpecialty.swift; sourceTree = "<group>"; };
		A384FC7D28B4EC6C00AD5B41 /* ShiftsDataSource.swift */ = {isa = PBXFileReference; lastKnownFileType = sourcecode.swift; path = ShiftsDataSource.swift; sourceTree = "<group>"; };
		A384FC8028B4EE0F00AD5B41 /* ShiftCellView.swift */ = {isa = PBXFileReference; lastKnownFileType = sourcecode.swift; path = ShiftCellView.swift; sourceTree = "<group>"; };
		A384FC8228B4EE4400AD5B41 /* ShiftDetailsScreen.swift */ = {isa = PBXFileReference; lastKnownFileType = sourcecode.swift; path = ShiftDetailsScreen.swift; sourceTree = "<group>"; };
		A384FC8528B4F28E00AD5B41 /* AppTimeManager.swift */ = {isa = PBXFileReference; lastKnownFileType = sourcecode.swift; path = AppTimeManager.swift; sourceTree = "<group>"; };
		A384FC8828B4F2A300AD5B41 /* AppRealTimeManager.swift */ = {isa = PBXFileReference; lastKnownFileType = sourcecode.swift; path = AppRealTimeManager.swift; sourceTree = "<group>"; };
		A384FC8A28B4F2B300AD5B41 /* AppPreviewTimeManager.swift */ = {isa = PBXFileReference; lastKnownFileType = sourcecode.swift; path = AppPreviewTimeManager.swift; sourceTree = "<group>"; };
		A384FC8C28B4F2C500AD5B41 /* Date+Extensions.swift */ = {isa = PBXFileReference; lastKnownFileType = sourcecode.swift; path = "Date+Extensions.swift"; sourceTree = "<group>"; };
		A384FC9028B4F79C00AD5B41 /* UIApplication+Extensions.swift */ = {isa = PBXFileReference; lastKnownFileType = sourcecode.swift; path = "UIApplication+Extensions.swift"; sourceTree = "<group>"; };
		A384FC9228B4F7B900AD5B41 /* View+Extensions.swift */ = {isa = PBXFileReference; lastKnownFileType = sourcecode.swift; path = "View+Extensions.swift"; sourceTree = "<group>"; };
		A384FC9528B4F7EB00AD5B41 /* ScreenIdentifierEnvironmentKey.swift */ = {isa = PBXFileReference; lastKnownFileType = sourcecode.swift; path = ScreenIdentifierEnvironmentKey.swift; sourceTree = "<group>"; };
		A384FC9728B4F81000AD5B41 /* UUIDHostingViewController.swift */ = {isa = PBXFileReference; lastKnownFileType = sourcecode.swift; path = UUIDHostingViewController.swift; sourceTree = "<group>"; };
		A384FC9928B4F83000AD5B41 /* IdentifableScreen.swift */ = {isa = PBXFileReference; lastKnownFileType = sourcecode.swift; path = IdentifableScreen.swift; sourceTree = "<group>"; };
		A384FC9B28B4F83F00AD5B41 /* NavigatorWrapper.swift */ = {isa = PBXFileReference; lastKnownFileType = sourcecode.swift; path = NavigatorWrapper.swift; sourceTree = "<group>"; };
		A384FC9D28B4F84B00AD5B41 /* NavigatorStrongContainer.swift */ = {isa = PBXFileReference; lastKnownFileType = sourcecode.swift; path = NavigatorStrongContainer.swift; sourceTree = "<group>"; };
		A384FC9F28B4F85800AD5B41 /* NavigatorContainer.swift */ = {isa = PBXFileReference; lastKnownFileType = sourcecode.swift; path = NavigatorContainer.swift; sourceTree = "<group>"; };
		A384FCA128B4F96200AD5B41 /* DefaultShiftsScreensFactory.swift */ = {isa = PBXFileReference; lastKnownFileType = sourcecode.swift; path = DefaultShiftsScreensFactory.swift; sourceTree = "<group>"; };
/* End PBXFileReference section */

/* Begin PBXFrameworksBuildPhase section */
		2349FD54261E4F6900A1FEAA /* Frameworks */ = {
			isa = PBXFrameworksBuildPhase;
			buildActionMask = 2147483647;
			files = (
			);
			runOnlyForDeploymentPostprocessing = 0;
		};
		2349FD65261E4F6A00A1FEAA /* Frameworks */ = {
			isa = PBXFrameworksBuildPhase;
			buildActionMask = 2147483647;
			files = (
			);
			runOnlyForDeploymentPostprocessing = 0;
		};
		2349FD70261E4F6A00A1FEAA /* Frameworks */ = {
			isa = PBXFrameworksBuildPhase;
			buildActionMask = 2147483647;
			files = (
			);
			runOnlyForDeploymentPostprocessing = 0;
		};
/* End PBXFrameworksBuildPhase section */

/* Begin PBXGroup section */
		2349FD4E261E4F6900A1FEAA = {
			isa = PBXGroup;
			children = (
				2349FD59261E4F6900A1FEAA /* CodingChallenge */,
				2349FD6B261E4F6A00A1FEAA /* CodingChallengeTests */,
				2349FD76261E4F6A00A1FEAA /* CodingChallengeUITests */,
				2349FD58261E4F6900A1FEAA /* Products */,
			);
			sourceTree = "<group>";
		};
		2349FD58261E4F6900A1FEAA /* Products */ = {
			isa = PBXGroup;
			children = (
				2349FD57261E4F6900A1FEAA /* CodingChallenge.app */,
				2349FD68261E4F6A00A1FEAA /* CodingChallengeTests.xctest */,
				2349FD73261E4F6A00A1FEAA /* CodingChallengeUITests.xctest */,
			);
			name = Products;
			sourceTree = "<group>";
		};
		2349FD59261E4F6900A1FEAA /* CodingChallenge */ = {
			isa = PBXGroup;
			children = (
				A384FC4D28B2BFCB00AD5B41 /* Features */,
				A384FC4628B2BADB00AD5B41 /* Helpers */,
				2349FD5A261E4F6900A1FEAA /* CodingChallengeApp.swift */,
				2349FD5E261E4F6A00A1FEAA /* Assets.xcassets */,
				2349FD63261E4F6A00A1FEAA /* Info.plist */,
				2349FD60261E4F6A00A1FEAA /* Preview Content */,
			);
			path = CodingChallenge;
			sourceTree = "<group>";
		};
		2349FD60261E4F6A00A1FEAA /* Preview Content */ = {
			isa = PBXGroup;
			children = (
				2349FD61261E4F6A00A1FEAA /* Preview Assets.xcassets */,
			);
			path = "Preview Content";
			sourceTree = "<group>";
		};
		2349FD6B261E4F6A00A1FEAA /* CodingChallengeTests */ = {
			isa = PBXGroup;
			children = (
				2349FD6C261E4F6A00A1FEAA /* CodingChallengeTests.swift */,
				2349FD6E261E4F6A00A1FEAA /* Info.plist */,
			);
			path = CodingChallengeTests;
			sourceTree = "<group>";
		};
		2349FD76261E4F6A00A1FEAA /* CodingChallengeUITests */ = {
			isa = PBXGroup;
			children = (
				2349FD77261E4F6A00A1FEAA /* CodingChallengeUITests.swift */,
				2349FD79261E4F6A00A1FEAA /* Info.plist */,
			);
			path = CodingChallengeUITests;
			sourceTree = "<group>";
		};
		A384FC4628B2BADB00AD5B41 /* Helpers */ = {
			isa = PBXGroup;
			children = (
				A384FC9428B4F7E100AD5B41 /* UI */,
				A384FC8428B4F28500AD5B41 /* Time */,
				A384FC5B28B4058F00AD5B41 /* ViewModel */,
				A384FC5828B4052500AD5B41 /* ErrorHandling */,
				A384FC5528B2C2E200AD5B41 /* Extensions */,
				A384FC4728B2BAE600AD5B41 /* Navigation */,
				A384FC4A28B2BE0C00AD5B41 /* Scope.swift */,
			);
			path = Helpers;
			sourceTree = "<group>";
		};
		A384FC4728B2BAE600AD5B41 /* Navigation */ = {
			isa = PBXGroup;
			children = (
				A384FC6B28B4075900AD5B41 /* Coordinator */,
				A384FC6E28B407F200AD5B41 /* Navigator */,
			);
			path = Navigation;
			sourceTree = "<group>";
		};
		A384FC4C28B2BFB300AD5B41 /* ShiftsFeature */ = {
			isa = PBXGroup;
			children = (
				A384FC8F28B4F66600AD5B41 /* Flow */,
				A384FC7628B4124E00AD5B41 /* Model */,
				A384FC7328B409E600AD5B41 /* Repository */,
				A384FC5028B2C14B00AD5B41 /* Screens */,
				2349FD88261E4F9900A1FEAA /* ShiftsView.swift */,
				A384FC4E28B2BFE500AD5B41 /* ShiftsManager.swift */,
			);
			path = ShiftsFeature;
			sourceTree = "<group>";
		};
		A384FC4D28B2BFCB00AD5B41 /* Features */ = {
			isa = PBXGroup;
			children = (
				A384FC4C28B2BFB300AD5B41 /* ShiftsFeature */,
			);
			path = Features;
			sourceTree = "<group>";
		};
		A384FC5028B2C14B00AD5B41 /* Screens */ = {
			isa = PBXGroup;
			children = (
				A384FCA328B4FA2200AD5B41 /* ShiftDetailsScreen */,
				A384FC8E28B4F5F600AD5B41 /* ShiftsScreen */,
			);
			path = Screens;
			sourceTree = "<group>";
		};
		A384FC5528B2C2E200AD5B41 /* Extensions */ = {
			isa = PBXGroup;
			children = (
				A384FC5628B2C2F200AD5B41 /* Optional+Extensions.swift */,
				A384FC5E28B405C900AD5B41 /* Just+Extensions.swift */,
				A384FC6028B405E300AD5B41 /* Publisher+Extensions.swift */,
				A384FC8C28B4F2C500AD5B41 /* Date+Extensions.swift */,
				A384FC9028B4F79C00AD5B41 /* UIApplication+Extensions.swift */,
				A384FC9228B4F7B900AD5B41 /* View+Extensions.swift */,
			);
			path = Extensions;
			sourceTree = "<group>";
		};
		A384FC5828B4052500AD5B41 /* ErrorHandling */ = {
			isa = PBXGroup;
			children = (
				A384FC5928B4053D00AD5B41 /* AppError.swift */,
			);
			path = ErrorHandling;
			sourceTree = "<group>";
		};
		A384FC5B28B4058F00AD5B41 /* ViewModel */ = {
			isa = PBXGroup;
			children = (
				A384FC5C28B4059800AD5B41 /* ViewModel.swift */,
				A384FC6228B405F800AD5B41 /* BaseViewModel.swift */,
				A384FC6428B4062200AD5B41 /* BaseCoordinatedViewModel.swift */,
			);
			path = ViewModel;
			sourceTree = "<group>";
		};
		A384FC6B28B4075900AD5B41 /* Coordinator */ = {
			isa = PBXGroup;
			children = (
				A384FC6C28B4077600AD5B41 /* Coordinator.swift */,
			);
			path = Coordinator;
			sourceTree = "<group>";
		};
		A384FC6E28B407F200AD5B41 /* Navigator */ = {
			isa = PBXGroup;
			children = (
				A384FC4828B2BB1900AD5B41 /* Navigator.swift */,
				A384FC5328B2C1C300AD5B41 /* NavigatorView.swift */,
				A384FC9928B4F83000AD5B41 /* IdentifableScreen.swift */,
				A384FC9B28B4F83F00AD5B41 /* NavigatorWrapper.swift */,
				A384FC9D28B4F84B00AD5B41 /* NavigatorStrongContainer.swift */,
				A384FC9F28B4F85800AD5B41 /* NavigatorContainer.swift */,
			);
			path = Navigator;
			sourceTree = "<group>";
		};
		A384FC7328B409E600AD5B41 /* Repository */ = {
			isa = PBXGroup;
			children = (
				A384FC7428B409F200AD5B41 /* ShiftsRepository.swift */,
			);
			path = Repository;
			sourceTree = "<group>";
		};
		A384FC7628B4124E00AD5B41 /* Model */ = {
			isa = PBXGroup;
			children = (
				A384FC7728B4126400AD5B41 /* Shift.swift */,
				A384FC7928B417F500AD5B41 /* FacilityType.swift */,
				A384FC7B28B4180600AD5B41 /* LocalizedSpecialty.swift */,
			);
			path = Model;
			sourceTree = "<group>";
		};
		A384FC7F28B4EDFA00AD5B41 /* Components */ = {
			isa = PBXGroup;
			children = (
				A384FC8028B4EE0F00AD5B41 /* ShiftCellView.swift */,
			);
			path = Components;
			sourceTree = "<group>";
		};
		A384FC8428B4F28500AD5B41 /* Time */ = {
			isa = PBXGroup;
			children = (
				A384FC8728B4F29B00AD5B41 /* AppTimeManager */,
				A384FC8528B4F28E00AD5B41 /* AppTimeManager.swift */,
			);
			path = Time;
			sourceTree = "<group>";
		};
		A384FC8728B4F29B00AD5B41 /* AppTimeManager */ = {
			isa = PBXGroup;
			children = (
				A384FC8828B4F2A300AD5B41 /* AppRealTimeManager.swift */,
				A384FC8A28B4F2B300AD5B41 /* AppPreviewTimeManager.swift */,
			);
			path = AppTimeManager;
			sourceTree = "<group>";
		};
		A384FC8E28B4F5F600AD5B41 /* ShiftsScreen */ = {
			isa = PBXGroup;
			children = (
				A384FC7F28B4EDFA00AD5B41 /* Components */,
				A384FC5128B2C15A00AD5B41 /* ShiftsScreen.swift */,
				A384FC6628B4064100AD5B41 /* ShiftsScreenViewModel.swift */,
				A384FC7D28B4EC6C00AD5B41 /* ShiftsDataSource.swift */,
			);
			path = ShiftsScreen;
			sourceTree = "<group>";
		};
		A384FC8F28B4F66600AD5B41 /* Flow */ = {
			isa = PBXGroup;
			children = (
				A384FC6828B4066C00AD5B41 /* ShiftsScreensFactory.swift */,
				A384FC7128B4081B00AD5B41 /* ShiftsCoordinator.swift */,
				A384FCA128B4F96200AD5B41 /* DefaultShiftsScreensFactory.swift */,
			);
			path = Flow;
			sourceTree = "<group>";
		};
		A384FC9428B4F7E100AD5B41 /* UI */ = {
			isa = PBXGroup;
			children = (
				A384FC9528B4F7EB00AD5B41 /* ScreenIdentifierEnvironmentKey.swift */,
				A384FC9728B4F81000AD5B41 /* UUIDHostingViewController.swift */,
			);
			path = UI;
			sourceTree = "<group>";
		};
		A384FCA328B4FA2200AD5B41 /* ShiftDetailsScreen */ = {
			isa = PBXGroup;
			children = (
				A384FC8228B4EE4400AD5B41 /* ShiftDetailsScreen.swift */,
			);
			path = ShiftDetailsScreen;
			sourceTree = "<group>";
		};
/* End PBXGroup section */

/* Begin PBXNativeTarget section */
		2349FD56261E4F6900A1FEAA /* CodingChallenge */ = {
			isa = PBXNativeTarget;
			buildConfigurationList = 2349FD7C261E4F6A00A1FEAA /* Build configuration list for PBXNativeTarget "CodingChallenge" */;
			buildPhases = (
				2349FD53261E4F6900A1FEAA /* Sources */,
				2349FD54261E4F6900A1FEAA /* Frameworks */,
				2349FD55261E4F6900A1FEAA /* Resources */,
			);
			buildRules = (
			);
			dependencies = (
			);
			name = CodingChallenge;
			productName = CodingChallenge;
			productReference = 2349FD57261E4F6900A1FEAA /* CodingChallenge.app */;
			productType = "com.apple.product-type.application";
		};
		2349FD67261E4F6A00A1FEAA /* CodingChallengeTests */ = {
			isa = PBXNativeTarget;
			buildConfigurationList = 2349FD7F261E4F6A00A1FEAA /* Build configuration list for PBXNativeTarget "CodingChallengeTests" */;
			buildPhases = (
				2349FD64261E4F6A00A1FEAA /* Sources */,
				2349FD65261E4F6A00A1FEAA /* Frameworks */,
				2349FD66261E4F6A00A1FEAA /* Resources */,
			);
			buildRules = (
			);
			dependencies = (
				2349FD6A261E4F6A00A1FEAA /* PBXTargetDependency */,
			);
			name = CodingChallengeTests;
			productName = CodingChallengeTests;
			productReference = 2349FD68261E4F6A00A1FEAA /* CodingChallengeTests.xctest */;
			productType = "com.apple.product-type.bundle.unit-test";
		};
		2349FD72261E4F6A00A1FEAA /* CodingChallengeUITests */ = {
			isa = PBXNativeTarget;
			buildConfigurationList = 2349FD82261E4F6A00A1FEAA /* Build configuration list for PBXNativeTarget "CodingChallengeUITests" */;
			buildPhases = (
				2349FD6F261E4F6A00A1FEAA /* Sources */,
				2349FD70261E4F6A00A1FEAA /* Frameworks */,
				2349FD71261E4F6A00A1FEAA /* Resources */,
			);
			buildRules = (
			);
			dependencies = (
				2349FD75261E4F6A00A1FEAA /* PBXTargetDependency */,
			);
			name = CodingChallengeUITests;
			productName = CodingChallengeUITests;
			productReference = 2349FD73261E4F6A00A1FEAA /* CodingChallengeUITests.xctest */;
			productType = "com.apple.product-type.bundle.ui-testing";
		};
/* End PBXNativeTarget section */

/* Begin PBXProject section */
		2349FD4F261E4F6900A1FEAA /* Project object */ = {
			isa = PBXProject;
			attributes = {
				LastSwiftUpdateCheck = 1240;
				LastUpgradeCheck = 1240;
				TargetAttributes = {
					2349FD56261E4F6900A1FEAA = {
						CreatedOnToolsVersion = 12.4;
					};
					2349FD67261E4F6A00A1FEAA = {
						CreatedOnToolsVersion = 12.4;
						TestTargetID = 2349FD56261E4F6900A1FEAA;
					};
					2349FD72261E4F6A00A1FEAA = {
						CreatedOnToolsVersion = 12.4;
						TestTargetID = 2349FD56261E4F6900A1FEAA;
					};
				};
			};
			buildConfigurationList = 2349FD52261E4F6900A1FEAA /* Build configuration list for PBXProject "CodingChallenge" */;
			compatibilityVersion = "Xcode 9.3";
			developmentRegion = en;
			hasScannedForEncodings = 0;
			knownRegions = (
				en,
				Base,
			);
			mainGroup = 2349FD4E261E4F6900A1FEAA;
			productRefGroup = 2349FD58261E4F6900A1FEAA /* Products */;
			projectDirPath = "";
			projectRoot = "";
			targets = (
				2349FD56261E4F6900A1FEAA /* CodingChallenge */,
				2349FD67261E4F6A00A1FEAA /* CodingChallengeTests */,
				2349FD72261E4F6A00A1FEAA /* CodingChallengeUITests */,
			);
		};
/* End PBXProject section */

/* Begin PBXResourcesBuildPhase section */
		2349FD55261E4F6900A1FEAA /* Resources */ = {
			isa = PBXResourcesBuildPhase;
			buildActionMask = 2147483647;
			files = (
				2349FD62261E4F6A00A1FEAA /* Preview Assets.xcassets in Resources */,
				2349FD5F261E4F6A00A1FEAA /* Assets.xcassets in Resources */,
			);
			runOnlyForDeploymentPostprocessing = 0;
		};
		2349FD66261E4F6A00A1FEAA /* Resources */ = {
			isa = PBXResourcesBuildPhase;
			buildActionMask = 2147483647;
			files = (
			);
			runOnlyForDeploymentPostprocessing = 0;
		};
		2349FD71261E4F6A00A1FEAA /* Resources */ = {
			isa = PBXResourcesBuildPhase;
			buildActionMask = 2147483647;
			files = (
			);
			runOnlyForDeploymentPostprocessing = 0;
		};
/* End PBXResourcesBuildPhase section */

/* Begin PBXSourcesBuildPhase section */
		2349FD53261E4F6900A1FEAA /* Sources */ = {
			isa = PBXSourcesBuildPhase;
			buildActionMask = 2147483647;
			files = (
				A384FC9628B4F7EB00AD5B41 /* ScreenIdentifierEnvironmentKey.swift in Sources */,
				A384FC6728B4064100AD5B41 /* ShiftsScreenViewModel.swift in Sources */,
				A384FC9328B4F7B900AD5B41 /* View+Extensions.swift in Sources */,
				A384FC6928B4066C00AD5B41 /* ShiftsScreensFactory.swift in Sources */,
				A384FC7C28B4180600AD5B41 /* LocalizedSpecialty.swift in Sources */,
				A384FC7528B409F200AD5B41 /* ShiftsRepository.swift in Sources */,
				A384FC5D28B4059800AD5B41 /* ViewModel.swift in Sources */,
				A384FC4B28B2BE0C00AD5B41 /* Scope.swift in Sources */,
				A384FC8628B4F28E00AD5B41 /* AppTimeManager.swift in Sources */,
				A384FC9A28B4F83000AD5B41 /* IdentifableScreen.swift in Sources */,
				A384FC4F28B2BFE500AD5B41 /* ShiftsManager.swift in Sources */,
				A384FC8128B4EE0F00AD5B41 /* ShiftCellView.swift in Sources */,
				A384FC7228B4081B00AD5B41 /* ShiftsCoordinator.swift in Sources */,
				A384FC8328B4EE4400AD5B41 /* ShiftDetailsScreen.swift in Sources */,
				A384FCA028B4F85800AD5B41 /* NavigatorContainer.swift in Sources */,
				A384FCA228B4F96200AD5B41 /* DefaultShiftsScreensFactory.swift in Sources */,
				A384FC5A28B4053D00AD5B41 /* AppError.swift in Sources */,
				A384FC5228B2C15A00AD5B41 /* ShiftsScreen.swift in Sources */,
				A384FC9E28B4F84B00AD5B41 /* NavigatorStrongContainer.swift in Sources */,
				A384FC5428B2C1C300AD5B41 /* NavigatorView.swift in Sources */,
				A384FC8928B4F2A300AD5B41 /* AppRealTimeManager.swift in Sources */,
				2349FD89261E4F9900A1FEAA /* ShiftsView.swift in Sources */,
				A384FC6328B405F800AD5B41 /* BaseViewModel.swift in Sources */,
				A384FC6D28B4077600AD5B41 /* Coordinator.swift in Sources */,
				A384FC7E28B4EC6C00AD5B41 /* ShiftsDataSource.swift in Sources */,
				A384FC5F28B405C900AD5B41 /* Just+Extensions.swift in Sources */,
				A384FC9128B4F79C00AD5B41 /* UIApplication+Extensions.swift in Sources */,
				A384FC5728B2C2F200AD5B41 /* Optional+Extensions.swift in Sources */,
				A384FC6528B4062200AD5B41 /* BaseCoordinatedViewModel.swift in Sources */,
				2349FD5B261E4F6900A1FEAA /* CodingChallengeApp.swift in Sources */,
				A384FC9C28B4F83F00AD5B41 /* NavigatorWrapper.swift in Sources */,
				A384FC8B28B4F2B300AD5B41 /* AppPreviewTimeManager.swift in Sources */,
				A384FC8D28B4F2C500AD5B41 /* Date+Extensions.swift in Sources */,
				A384FC6128B405E300AD5B41 /* Publisher+Extensions.swift in Sources */,
				A384FC9828B4F81000AD5B41 /* UUIDHostingViewController.swift in Sources */,
				A384FC7828B4126400AD5B41 /* Shift.swift in Sources */,
				A384FC4928B2BB1900AD5B41 /* Navigator.swift in Sources */,
				A384FC7A28B417F500AD5B41 /* FacilityType.swift in Sources */,
			);
			runOnlyForDeploymentPostprocessing = 0;
		};
		2349FD64261E4F6A00A1FEAA /* Sources */ = {
			isa = PBXSourcesBuildPhase;
			buildActionMask = 2147483647;
			files = (
				2349FD6D261E4F6A00A1FEAA /* CodingChallengeTests.swift in Sources */,
			);
			runOnlyForDeploymentPostprocessing = 0;
		};
		2349FD6F261E4F6A00A1FEAA /* Sources */ = {
			isa = PBXSourcesBuildPhase;
			buildActionMask = 2147483647;
			files = (
				2349FD78261E4F6A00A1FEAA /* CodingChallengeUITests.swift in Sources */,
			);
			runOnlyForDeploymentPostprocessing = 0;
		};
/* End PBXSourcesBuildPhase section */

/* Begin PBXTargetDependency section */
		2349FD6A261E4F6A00A1FEAA /* PBXTargetDependency */ = {
			isa = PBXTargetDependency;
			target = 2349FD56261E4F6900A1FEAA /* CodingChallenge */;
			targetProxy = 2349FD69261E4F6A00A1FEAA /* PBXContainerItemProxy */;
		};
		2349FD75261E4F6A00A1FEAA /* PBXTargetDependency */ = {
			isa = PBXTargetDependency;
			target = 2349FD56261E4F6900A1FEAA /* CodingChallenge */;
			targetProxy = 2349FD74261E4F6A00A1FEAA /* PBXContainerItemProxy */;
		};
/* End PBXTargetDependency section */

/* Begin XCBuildConfiguration section */
		2349FD7A261E4F6A00A1FEAA /* Debug */ = {
			isa = XCBuildConfiguration;
			buildSettings = {
				ALWAYS_SEARCH_USER_PATHS = NO;
				CLANG_ANALYZER_NONNULL = YES;
				CLANG_ANALYZER_NUMBER_OBJECT_CONVERSION = YES_AGGRESSIVE;
				CLANG_CXX_LANGUAGE_STANDARD = "gnu++14";
				CLANG_CXX_LIBRARY = "libc++";
				CLANG_ENABLE_MODULES = YES;
				CLANG_ENABLE_OBJC_ARC = YES;
				CLANG_ENABLE_OBJC_WEAK = YES;
				CLANG_WARN_BLOCK_CAPTURE_AUTORELEASING = YES;
				CLANG_WARN_BOOL_CONVERSION = YES;
				CLANG_WARN_COMMA = YES;
				CLANG_WARN_CONSTANT_CONVERSION = YES;
				CLANG_WARN_DEPRECATED_OBJC_IMPLEMENTATIONS = YES;
				CLANG_WARN_DIRECT_OBJC_ISA_USAGE = YES_ERROR;
				CLANG_WARN_DOCUMENTATION_COMMENTS = YES;
				CLANG_WARN_EMPTY_BODY = YES;
				CLANG_WARN_ENUM_CONVERSION = YES;
				CLANG_WARN_INFINITE_RECURSION = YES;
				CLANG_WARN_INT_CONVERSION = YES;
				CLANG_WARN_NON_LITERAL_NULL_CONVERSION = YES;
				CLANG_WARN_OBJC_IMPLICIT_RETAIN_SELF = YES;
				CLANG_WARN_OBJC_LITERAL_CONVERSION = YES;
				CLANG_WARN_OBJC_ROOT_CLASS = YES_ERROR;
				CLANG_WARN_QUOTED_INCLUDE_IN_FRAMEWORK_HEADER = YES;
				CLANG_WARN_RANGE_LOOP_ANALYSIS = YES;
				CLANG_WARN_STRICT_PROTOTYPES = YES;
				CLANG_WARN_SUSPICIOUS_MOVE = YES;
				CLANG_WARN_UNGUARDED_AVAILABILITY = YES_AGGRESSIVE;
				CLANG_WARN_UNREACHABLE_CODE = YES;
				CLANG_WARN__DUPLICATE_METHOD_MATCH = YES;
				COPY_PHASE_STRIP = NO;
				DEBUG_INFORMATION_FORMAT = dwarf;
				ENABLE_STRICT_OBJC_MSGSEND = YES;
				ENABLE_TESTABILITY = YES;
				GCC_C_LANGUAGE_STANDARD = gnu11;
				GCC_DYNAMIC_NO_PIC = NO;
				GCC_NO_COMMON_BLOCKS = YES;
				GCC_OPTIMIZATION_LEVEL = 0;
				GCC_PREPROCESSOR_DEFINITIONS = (
					"DEBUG=1",
					"$(inherited)",
				);
				GCC_WARN_64_TO_32_BIT_CONVERSION = YES;
				GCC_WARN_ABOUT_RETURN_TYPE = YES_ERROR;
				GCC_WARN_UNDECLARED_SELECTOR = YES;
				GCC_WARN_UNINITIALIZED_AUTOS = YES_AGGRESSIVE;
				GCC_WARN_UNUSED_FUNCTION = YES;
				GCC_WARN_UNUSED_VARIABLE = YES;
				IPHONEOS_DEPLOYMENT_TARGET = 15.0;
				MTL_ENABLE_DEBUG_INFO = INCLUDE_SOURCE;
				MTL_FAST_MATH = YES;
				ONLY_ACTIVE_ARCH = YES;
				SDKROOT = iphoneos;
				SWIFT_ACTIVE_COMPILATION_CONDITIONS = DEBUG;
				SWIFT_OPTIMIZATION_LEVEL = "-Onone";
			};
			name = Debug;
		};
		2349FD7B261E4F6A00A1FEAA /* Release */ = {
			isa = XCBuildConfiguration;
			buildSettings = {
				ALWAYS_SEARCH_USER_PATHS = NO;
				CLANG_ANALYZER_NONNULL = YES;
				CLANG_ANALYZER_NUMBER_OBJECT_CONVERSION = YES_AGGRESSIVE;
				CLANG_CXX_LANGUAGE_STANDARD = "gnu++14";
				CLANG_CXX_LIBRARY = "libc++";
				CLANG_ENABLE_MODULES = YES;
				CLANG_ENABLE_OBJC_ARC = YES;
				CLANG_ENABLE_OBJC_WEAK = YES;
				CLANG_WARN_BLOCK_CAPTURE_AUTORELEASING = YES;
				CLANG_WARN_BOOL_CONVERSION = YES;
				CLANG_WARN_COMMA = YES;
				CLANG_WARN_CONSTANT_CONVERSION = YES;
				CLANG_WARN_DEPRECATED_OBJC_IMPLEMENTATIONS = YES;
				CLANG_WARN_DIRECT_OBJC_ISA_USAGE = YES_ERROR;
				CLANG_WARN_DOCUMENTATION_COMMENTS = YES;
				CLANG_WARN_EMPTY_BODY = YES;
				CLANG_WARN_ENUM_CONVERSION = YES;
				CLANG_WARN_INFINITE_RECURSION = YES;
				CLANG_WARN_INT_CONVERSION = YES;
				CLANG_WARN_NON_LITERAL_NULL_CONVERSION = YES;
				CLANG_WARN_OBJC_IMPLICIT_RETAIN_SELF = YES;
				CLANG_WARN_OBJC_LITERAL_CONVERSION = YES;
				CLANG_WARN_OBJC_ROOT_CLASS = YES_ERROR;
				CLANG_WARN_QUOTED_INCLUDE_IN_FRAMEWORK_HEADER = YES;
				CLANG_WARN_RANGE_LOOP_ANALYSIS = YES;
				CLANG_WARN_STRICT_PROTOTYPES = YES;
				CLANG_WARN_SUSPICIOUS_MOVE = YES;
				CLANG_WARN_UNGUARDED_AVAILABILITY = YES_AGGRESSIVE;
				CLANG_WARN_UNREACHABLE_CODE = YES;
				CLANG_WARN__DUPLICATE_METHOD_MATCH = YES;
				COPY_PHASE_STRIP = NO;
				DEBUG_INFORMATION_FORMAT = "dwarf-with-dsym";
				ENABLE_NS_ASSERTIONS = NO;
				ENABLE_STRICT_OBJC_MSGSEND = YES;
				GCC_C_LANGUAGE_STANDARD = gnu11;
				GCC_NO_COMMON_BLOCKS = YES;
				GCC_WARN_64_TO_32_BIT_CONVERSION = YES;
				GCC_WARN_ABOUT_RETURN_TYPE = YES_ERROR;
				GCC_WARN_UNDECLARED_SELECTOR = YES;
				GCC_WARN_UNINITIALIZED_AUTOS = YES_AGGRESSIVE;
				GCC_WARN_UNUSED_FUNCTION = YES;
				GCC_WARN_UNUSED_VARIABLE = YES;
				IPHONEOS_DEPLOYMENT_TARGET = 15.0;
				MTL_ENABLE_DEBUG_INFO = NO;
				MTL_FAST_MATH = YES;
				SDKROOT = iphoneos;
				SWIFT_COMPILATION_MODE = wholemodule;
				SWIFT_OPTIMIZATION_LEVEL = "-O";
				VALIDATE_PRODUCT = YES;
			};
			name = Release;
		};
		2349FD7D261E4F6A00A1FEAA /* Debug */ = {
			isa = XCBuildConfiguration;
			buildSettings = {
				ASSETCATALOG_COMPILER_APPICON_NAME = AppIcon;
				ASSETCATALOG_COMPILER_GLOBAL_ACCENT_COLOR_NAME = AccentColor;
				CODE_SIGN_STYLE = Automatic;
				DEVELOPMENT_ASSET_PATHS = "\"CodingChallenge/Preview Content\"";
				DEVELOPMENT_TEAM = 7HRU3V63R2;
				ENABLE_PREVIEWS = YES;
				INFOPLIST_FILE = CodingChallenge/Info.plist;
				IPHONEOS_DEPLOYMENT_TARGET = 14.0;
				LD_RUNPATH_SEARCH_PATHS = (
					"$(inherited)",
					"@executable_path/Frameworks",
				);
				PRODUCT_BUNDLE_IDENTIFIER = shiftkey.CodingChallenge;
				PRODUCT_NAME = "$(TARGET_NAME)";
				SWIFT_VERSION = 5.0;
				TARGETED_DEVICE_FAMILY = "1,2";
			};
			name = Debug;
		};
		2349FD7E261E4F6A00A1FEAA /* Release */ = {
			isa = XCBuildConfiguration;
			buildSettings = {
				ASSETCATALOG_COMPILER_APPICON_NAME = AppIcon;
				ASSETCATALOG_COMPILER_GLOBAL_ACCENT_COLOR_NAME = AccentColor;
				CODE_SIGN_STYLE = Automatic;
				DEVELOPMENT_ASSET_PATHS = "\"CodingChallenge/Preview Content\"";
				DEVELOPMENT_TEAM = 7HRU3V63R2;
				ENABLE_PREVIEWS = YES;
				INFOPLIST_FILE = CodingChallenge/Info.plist;
				IPHONEOS_DEPLOYMENT_TARGET = 14.0;
				LD_RUNPATH_SEARCH_PATHS = (
					"$(inherited)",
					"@executable_path/Frameworks",
				);
				PRODUCT_BUNDLE_IDENTIFIER = shiftkey.CodingChallenge;
				PRODUCT_NAME = "$(TARGET_NAME)";
				SWIFT_VERSION = 5.0;
				TARGETED_DEVICE_FAMILY = "1,2";
			};
			name = Release;
		};
		2349FD80261E4F6A00A1FEAA /* Debug */ = {
			isa = XCBuildConfiguration;
			buildSettings = {
				ALWAYS_EMBED_SWIFT_STANDARD_LIBRARIES = YES;
				BUNDLE_LOADER = "$(TEST_HOST)";
				CODE_SIGN_STYLE = Automatic;
				DEVELOPMENT_TEAM = 7HRU3V63R2;
				INFOPLIST_FILE = CodingChallengeTests/Info.plist;
				IPHONEOS_DEPLOYMENT_TARGET = 14.0;
				LD_RUNPATH_SEARCH_PATHS = (
					"$(inherited)",
					"@executable_path/Frameworks",
					"@loader_path/Frameworks",
				);
				PRODUCT_BUNDLE_IDENTIFIER = shiftkey.CodingChallengeTests;
				PRODUCT_NAME = "$(TARGET_NAME)";
				SWIFT_VERSION = 5.0;
				TARGETED_DEVICE_FAMILY = "1,2";
				TEST_HOST = "$(BUILT_PRODUCTS_DIR)/CodingChallenge.app/CodingChallenge";
			};
			name = Debug;
		};
		2349FD81261E4F6A00A1FEAA /* Release */ = {
			isa = XCBuildConfiguration;
			buildSettings = {
				ALWAYS_EMBED_SWIFT_STANDARD_LIBRARIES = YES;
				BUNDLE_LOADER = "$(TEST_HOST)";
				CODE_SIGN_STYLE = Automatic;
				DEVELOPMENT_TEAM = 7HRU3V63R2;
				INFOPLIST_FILE = CodingChallengeTests/Info.plist;
				IPHONEOS_DEPLOYMENT_TARGET = 14.0;
				LD_RUNPATH_SEARCH_PATHS = (
					"$(inherited)",
					"@executable_path/Frameworks",
					"@loader_path/Frameworks",
				);
				PRODUCT_BUNDLE_IDENTIFIER = shiftkey.CodingChallengeTests;
				PRODUCT_NAME = "$(TARGET_NAME)";
				SWIFT_VERSION = 5.0;
				TARGETED_DEVICE_FAMILY = "1,2";
				TEST_HOST = "$(BUILT_PRODUCTS_DIR)/CodingChallenge.app/CodingChallenge";
			};
			name = Release;
		};
		2349FD83261E4F6A00A1FEAA /* Debug */ = {
			isa = XCBuildConfiguration;
			buildSettings = {
				ALWAYS_EMBED_SWIFT_STANDARD_LIBRARIES = YES;
				CODE_SIGN_STYLE = Automatic;
				DEVELOPMENT_TEAM = 7HRU3V63R2;
				INFOPLIST_FILE = CodingChallengeUITests/Info.plist;
				LD_RUNPATH_SEARCH_PATHS = (
					"$(inherited)",
					"@executable_path/Frameworks",
					"@loader_path/Frameworks",
				);
				PRODUCT_BUNDLE_IDENTIFIER = shiftkey.CodingChallengeUITests;
				PRODUCT_NAME = "$(TARGET_NAME)";
				SWIFT_VERSION = 5.0;
				TARGETED_DEVICE_FAMILY = "1,2";
				TEST_TARGET_NAME = CodingChallenge;
			};
			name = Debug;
		};
		2349FD84261E4F6A00A1FEAA /* Release */ = {
			isa = XCBuildConfiguration;
			buildSettings = {
				ALWAYS_EMBED_SWIFT_STANDARD_LIBRARIES = YES;
				CODE_SIGN_STYLE = Automatic;
				DEVELOPMENT_TEAM = 7HRU3V63R2;
				INFOPLIST_FILE = CodingChallengeUITests/Info.plist;
				LD_RUNPATH_SEARCH_PATHS = (
					"$(inherited)",
					"@executable_path/Frameworks",
					"@loader_path/Frameworks",
				);
				PRODUCT_BUNDLE_IDENTIFIER = shiftkey.CodingChallengeUITests;
				PRODUCT_NAME = "$(TARGET_NAME)";
				SWIFT_VERSION = 5.0;
				TARGETED_DEVICE_FAMILY = "1,2";
				TEST_TARGET_NAME = CodingChallenge;
			};
			name = Release;
		};
/* End XCBuildConfiguration section */

/* Begin XCConfigurationList section */
		2349FD52261E4F6900A1FEAA /* Build configuration list for PBXProject "CodingChallenge" */ = {
			isa = XCConfigurationList;
			buildConfigurations = (
				2349FD7A261E4F6A00A1FEAA /* Debug */,
				2349FD7B261E4F6A00A1FEAA /* Release */,
			);
			defaultConfigurationIsVisible = 0;
			defaultConfigurationName = Release;
		};
		2349FD7C261E4F6A00A1FEAA /* Build configuration list for PBXNativeTarget "CodingChallenge" */ = {
			isa = XCConfigurationList;
			buildConfigurations = (
				2349FD7D261E4F6A00A1FEAA /* Debug */,
				2349FD7E261E4F6A00A1FEAA /* Release */,
			);
			defaultConfigurationIsVisible = 0;
			defaultConfigurationName = Release;
		};
		2349FD7F261E4F6A00A1FEAA /* Build configuration list for PBXNativeTarget "CodingChallengeTests" */ = {
			isa = XCConfigurationList;
			buildConfigurations = (
				2349FD80261E4F6A00A1FEAA /* Debug */,
				2349FD81261E4F6A00A1FEAA /* Release */,
			);
			defaultConfigurationIsVisible = 0;
			defaultConfigurationName = Release;
		};
		2349FD82261E4F6A00A1FEAA /* Build configuration list for PBXNativeTarget "CodingChallengeUITests" */ = {
			isa = XCConfigurationList;
			buildConfigurations = (
				2349FD83261E4F6A00A1FEAA /* Debug */,
				2349FD84261E4F6A00A1FEAA /* Release */,
			);
			defaultConfigurationIsVisible = 0;
			defaultConfigurationName = Release;
		};
/* End XCConfigurationList section */
	};
	rootObject = 2349FD4F261E4F6900A1FEAA /* Project object */;
}
